
Microsoft Visual Studio Solution File, Format Version 12.00
# Visual Studio Version 16
VisualStudioVersion = 16.0.30517.126
MinimumVisualStudioVersion = 10.0.40219.1
Project("{9A19103F-16F7-4668-BE54-9A1E7A4F7556}") = "Orangebeard.Client", "Orangebeard.Client.csproj", "{A5E6E082-44EF-4A20-8321-55B273E64C11}"
EndProject
Global
	GlobalSection(SolutionConfigurationPlatforms) = preSolution
		Debug|Any CPU = Debug|Any CPU
		Release|Any CPU = Release|Any CPU
	EndGlobalSection
	GlobalSection(ProjectConfigurationPlatforms) = postSolution
		{A5E6E082-44EF-4A20-8321-55B273E64C11}.Debug|Any CPU.ActiveCfg = Debug|Any CPU
		{A5E6E082-44EF-4A20-8321-55B273E64C11}.Debug|Any CPU.Build.0 = Debug|Any CPU
		{A5E6E082-44EF-4A20-8321-55B273E64C11}.Release|Any CPU.ActiveCfg = Release|Any CPU
		{A5E6E082-44EF-4A20-8321-55B273E64C11}.Release|Any CPU.Build.0 = Release|Any CPU
	EndGlobalSection
	GlobalSection(SolutionProperties) = preSolution
		HideSolutionNode = FALSE
	EndGlobalSection
	GlobalSection(ExtensibilityGlobals) = postSolution
		SolutionGuid = {717DF157-160B-4922-8F9A-83049870A53F}
	EndGlobalSection
EndGlobal
